
Microsoft Visual Studio Solution File, Format Version 12.00
# Visual Studio 2012
Project("{FAE04EC0-301F-11D3-BF4B-00C04F79EFBC}") = "BreakProtobufNet.Launcher", "BreakProtobufNet.Launcher\BreakProtobufNet.Launcher.csproj", "{637EF79C-6CB8-43BC-92AE-521437794389}"
EndProject
Project("{FAE04EC0-301F-11D3-BF4B-00C04F79EFBC}") = "BreakProtobufNet.Payload", "BreakProtobufNet.Payload\BreakProtobufNet.Payload.csproj", "{27CA0146-F3D6-400E-A512-1B8628ABD3B5}"
EndProject
Project("{2150E333-8FDC-42A3-9474-1A3956D46DE8}") = ".nuget", ".nuget", "{BDEBC7E8-AB23-4ED5-95BC-D790FC16DFA8}"
	ProjectSection(SolutionItems) = preProject
		.nuget\NuGet.Config = .nuget\NuGet.Config
		.nuget\NuGet.exe = .nuget\NuGet.exe
		.nuget\NuGet.targets = .nuget\NuGet.targets
	EndProjectSection
EndProject
Global
	GlobalSection(SolutionConfigurationPlatforms) = preSolution
		Debug|Any CPU = Debug|Any CPU
		Release|Any CPU = Release|Any CPU
	EndGlobalSection
	GlobalSection(ProjectConfigurationPlatforms) = postSolution
		{637EF79C-6CB8-43BC-92AE-521437794389}.Debug|Any CPU.ActiveCfg = Debug|Any CPU
		{637EF79C-6CB8-43BC-92AE-521437794389}.Debug|Any CPU.Build.0 = Debug|Any CPU
		{637EF79C-6CB8-43BC-92AE-521437794389}.Release|Any CPU.ActiveCfg = Release|Any CPU
		{637EF79C-6CB8-43BC-92AE-521437794389}.Release|Any CPU.Build.0 = Release|Any CPU
		{27CA0146-F3D6-400E-A512-1B8628ABD3B5}.Debug|Any CPU.ActiveCfg = Debug|Any CPU
		{27CA0146-F3D6-400E-A512-1B8628ABD3B5}.Debug|Any CPU.Build.0 = Debug|Any CPU
		{27CA0146-F3D6-400E-A512-1B8628ABD3B5}.Release|Any CPU.ActiveCfg = Release|Any CPU
		{27CA0146-F3D6-400E-A512-1B8628ABD3B5}.Release|Any CPU.Build.0 = Release|Any CPU
	EndGlobalSection
	GlobalSection(SolutionProperties) = preSolution
		HideSolutionNode = FALSE
	EndGlobalSection
EndGlobal
